
Microsoft Visual Studio Solution File, Format Version 12.00
# Visual Studio Version 17
VisualStudioVersion = 17.6.33815.320
MinimumVisualStudioVersion = 10.0.40219.1
Project("{FAE04EC0-301F-11D3-BF4B-00C04F79EFBC}") = "GerenciadorDeProdutosCRUD", "GerenciadorDeProdutosCRUD.csproj", "{B4282710-13AD-4604-8BE9-4DC1542FE7FF}"
EndProject
Global
	GlobalSection(SolutionConfigurationPlatforms) = preSolution
		Debug|Any CPU = Debug|Any CPU
		Release|Any CPU = Release|Any CPU
	EndGlobalSection
	GlobalSection(ProjectConfigurationPlatforms) = postSolution
		{B4282710-13AD-4604-8BE9-4DC1542FE7FF}.Debug|Any CPU.ActiveCfg = Debug|Any CPU
		{B4282710-13AD-4604-8BE9-4DC1542FE7FF}.Debug|Any CPU.Build.0 = Debug|Any CPU
		{B4282710-13AD-4604-8BE9-4DC1542FE7FF}.Release|Any CPU.ActiveCfg = Release|Any CPU
		{B4282710-13AD-4604-8BE9-4DC1542FE7FF}.Release|Any CPU.Build.0 = Release|Any CPU
	EndGlobalSection
	GlobalSection(SolutionProperties) = preSolution
		HideSolutionNode = FALSE
	EndGlobalSection
	GlobalSection(ExtensibilityGlobals) = postSolution
		SolutionGuid = {DF942483-C9BE-44F6-952E-436412C2E7B3}
	EndGlobalSection
EndGlobal
